
Microsoft Visual Studio Solution File, Format Version 12.00
# Visual Studio Version 16
VisualStudioVersion = 16.0.32106.194
MinimumVisualStudioVersion = 10.0.40219.1
Project("{FAE04EC0-301F-11D3-BF4B-00C04F79EFBC}") = "CricketLots", "CricketLots.csproj", "{B1B47E62-A135-4910-8942-A3D1B63343CC}"
EndProject
Global
	GlobalSection(SolutionConfigurationPlatforms) = preSolution
		Debug|Any CPU = Debug|Any CPU
		Release|Any CPU = Release|Any CPU
	EndGlobalSection
	GlobalSection(ProjectConfigurationPlatforms) = postSolution
		{B1B47E62-A135-4910-8942-A3D1B63343CC}.Debug|Any CPU.ActiveCfg = Debug|Any CPU
		{B1B47E62-A135-4910-8942-A3D1B63343CC}.Debug|Any CPU.Build.0 = Debug|Any CPU
		{B1B47E62-A135-4910-8942-A3D1B63343CC}.Release|Any CPU.ActiveCfg = Release|Any CPU
		{B1B47E62-A135-4910-8942-A3D1B63343CC}.Release|Any CPU.Build.0 = Release|Any CPU
	EndGlobalSection
	GlobalSection(SolutionProperties) = preSolution
		HideSolutionNode = FALSE
	EndGlobalSection
	GlobalSection(ExtensibilityGlobals) = postSolution
		SolutionGuid = {60A485FF-58FA-441C-B61D-383CB331DC0D}
	EndGlobalSection
EndGlobal
